<?xml version="1.0" encoding="utf-8"?>
<Project ToolsVersion="4.0" xmlns="http://schemas.microsoft.com/developer/msbuild/2003">
  <ItemGroup>
    <Filter Include="Source Files">
      <UniqueIdentifier>{4FC737F1-C7A5-4376-A066-2A32D752A2FF}</UniqueIdentifier>
      <Extensions>cpp;c;cc;cxx;def;odl;idl;hpj;bat;asm;asmx</Extensions>
    </Filter>
    <Filter Include="Header Files">
      <UniqueIdentifier>{56459e6e-eb00-4be4-ab2c-7fb461146de7}</UniqueIdentifier>
    </Filter>
  </ItemGroup>
  <ItemGroup>
    <None Include="ReadMe.txt" />
  </ItemGroup>
  <ItemGroup>
    <ClInclude Include="console_helper.hpp">
      <Filter>Header Files</Filter>
    </ClInclude>
    <ClInclude Include="crashhandler.hpp">
      <Filter>Header Files</Filter>
    </ClInclude>
    <ClInclude Include="debug_helper.hpp">
      <Filter>Header Files</Filter>
    </ClInclude>
    <ClInclude Include="debug_option.hpp">
      <Filter>Header Files</Filter>
    </ClInclude>
    <ClInclude Include="profile.hpp">
      <Filter>Header Files</Filter>
    </ClInclude>
  </ItemGroup>
  <ItemGroup>
    <ClCompile Include="crashhandler.cpp">
      <Filter>Source Files</Filter>
    </ClCompile>
    <ClCompile Include="debug_helper.cpp">
      <Filter>Source Files</Filter>
    </ClCompile>
    <ClCompile Include="debug_option.cpp">
      <Filter>Source Files</Filter>
    </ClCompile>
  </ItemGroup>
</Project>