<?xml version="1.0" encoding="utf-8"?>
<Project ToolsVersion="4.0" xmlns="http://schemas.microsoft.com/developer/msbuild/2003">
  <ItemGroup>
    <Filter Include="Core">
      <UniqueIdentifier>{6969f752-1809-4862-b904-d887f9436652}</UniqueIdentifier>
    </Filter>
    <Filter Include="Session">
      <UniqueIdentifier>{4FC737F1-C7A5-4376-A066-2A32D752A2FF}</UniqueIdentifier>
      <Extensions>cpp;c;cc;cxx;def;odl;idl;hpj;bat;asm;asmx</Extensions>
    </Filter>
  </ItemGroup>
  <ItemGroup>
    <ClCompile Include="cellapp.cpp">
      <Filter>Core</Filter>
    </ClCompile>
    <ClCompile Include="cell.cpp">
      <Filter>Core</Filter>
    </ClCompile>
    <ClCompile Include="cellappmgr.cpp">
      <Filter>Core</Filter>
    </ClCompile>
    <ClCompile Include="cells.cpp">
      <Filter>Core</Filter>
    </ClCompile>
    <ClCompile Include="main.cpp">
      <Filter>Core</Filter>
    </ClCompile>
    <ClCompile Include="space.cpp">
      <Filter>Core</Filter>
    </ClCompile>
    <ClCompile Include="spaces.cpp">
      <Filter>Core</Filter>
    </ClCompile>
    <ClCompile Include="sync_cellapp_handler.cpp">
      <Filter>Session</Filter>
    </ClCompile>
    <ClCompile Include="CellSession.cpp">
      <Filter>Session</Filter>
    </ClCompile>
    <ClCompile Include="CellSessionMgr.cpp">
      <Filter>Session</Filter>
    </ClCompile>
  </ItemGroup>
  <ItemGroup>
    <ClInclude Include="cell.h">
      <Filter>Core</Filter>
    </ClInclude>
    <ClInclude Include="cellapp.h">
      <Filter>Core</Filter>
    </ClInclude>
    <ClInclude Include="cellappmgr.h">
      <Filter>Core</Filter>
    </ClInclude>
    <ClInclude Include="cells.h">
      <Filter>Core</Filter>
    </ClInclude>
    <ClInclude Include="space.h">
      <Filter>Core</Filter>
    </ClInclude>
    <ClInclude Include="spaces.h">
      <Filter>Core</Filter>
    </ClInclude>
    <ClInclude Include="sync_cellapp_handler.h">
      <Filter>Session</Filter>
    </ClInclude>
    <ClInclude Include="CellSession.h">
      <Filter>Session</Filter>
    </ClInclude>
    <ClInclude Include="CellSessionMgr.h">
      <Filter>Session</Filter>
    </ClInclude>
  </ItemGroup>
  <ItemGroup>
    <None Include="ReadMe.txt" />
  </ItemGroup>
</Project>