
Microsoft Visual Studio Solution File, Format Version 12.00
# Visual Studio 2017
Project("{FAE04EC0-301F-11D3-BF4B-00C04F79EFBC}") = "CycleHeroEdit", "CycleHeroEdit.csproj", "{61290153-7488-2A43-7B55-45A977C19DEA}"
EndProject
Project("{FAE04EC0-301F-11D3-BF4B-00C04F79EFBC}") = "CycleHeroEdit.Editor.Plugins", "CycleHeroEdit.Editor.Plugins.csproj", "{0E56A72B-FA88-ED86-50FB-3679CE86AEEF}"
EndProject
Project("{FAE04EC0-301F-11D3-BF4B-00C04F79EFBC}") = "CycleHeroEdit.Editor", "CycleHeroEdit.Editor.csproj", "{7DE09AAB-279C-3B5A-2CC9-CFFFCF3BC673}"
EndProject
Global
	GlobalSection(SolutionConfigurationPlatforms) = preSolution
		Debug|Any CPU = Debug|Any CPU
		Release|Any CPU = Release|Any CPU
	EndGlobalSection
	GlobalSection(ProjectConfigurationPlatforms) = postSolution
		{61290153-7488-2A43-7B55-45A977C19DEA}.Debug|Any CPU.ActiveCfg = Debug|Any CPU
		{61290153-7488-2A43-7B55-45A977C19DEA}.Debug|Any CPU.Build.0 = Debug|Any CPU
		{61290153-7488-2A43-7B55-45A977C19DEA}.Release|Any CPU.ActiveCfg = Release|Any CPU
		{61290153-7488-2A43-7B55-45A977C19DEA}.Release|Any CPU.Build.0 = Release|Any CPU
		{0E56A72B-FA88-ED86-50FB-3679CE86AEEF}.Debug|Any CPU.ActiveCfg = Debug|Any CPU
		{0E56A72B-FA88-ED86-50FB-3679CE86AEEF}.Debug|Any CPU.Build.0 = Debug|Any CPU
		{0E56A72B-FA88-ED86-50FB-3679CE86AEEF}.Release|Any CPU.ActiveCfg = Release|Any CPU
		{0E56A72B-FA88-ED86-50FB-3679CE86AEEF}.Release|Any CPU.Build.0 = Release|Any CPU
		{7DE09AAB-279C-3B5A-2CC9-CFFFCF3BC673}.Debug|Any CPU.ActiveCfg = Debug|Any CPU
		{7DE09AAB-279C-3B5A-2CC9-CFFFCF3BC673}.Debug|Any CPU.Build.0 = Debug|Any CPU
		{7DE09AAB-279C-3B5A-2CC9-CFFFCF3BC673}.Release|Any CPU.ActiveCfg = Release|Any CPU
		{7DE09AAB-279C-3B5A-2CC9-CFFFCF3BC673}.Release|Any CPU.Build.0 = Release|Any CPU
	EndGlobalSection
	GlobalSection(SolutionProperties) = preSolution
		HideSolutionNode = FALSE
	EndGlobalSection
EndGlobal
