
Microsoft Visual Studio Solution File, Format Version 12.00
# Visual Studio 2013
Project("{FAE04EC0-301F-11D3-BF4B-00C04F79EFBC}") = "War of World.CSharp.Plugins", "War of World.CSharp.Plugins.csproj", "{872A7AF4-2A78-E3D0-2A0A-D5B83AB351B0}"
EndProject
Project("{FAE04EC0-301F-11D3-BF4B-00C04F79EFBC}") = "War of World.CSharp", "War of World.CSharp.csproj", "{09530E67-B3AF-07DA-3AF6-9FD6A33F1C33}"
EndProject
Project("{FAE04EC0-301F-11D3-BF4B-00C04F79EFBC}") = "War of World.CSharp.Editor", "War of World.CSharp.Editor.csproj", "{5CCF17DF-F490-C91C-0202-5EC9D101FB88}"
EndProject
Global
	GlobalSection(SolutionConfigurationPlatforms) = preSolution
		Debug|Any CPU = Debug|Any CPU
		Release|Any CPU = Release|Any CPU
	EndGlobalSection
	GlobalSection(ProjectConfigurationPlatforms) = postSolution
		{872A7AF4-2A78-E3D0-2A0A-D5B83AB351B0}.Debug|Any CPU.ActiveCfg = Debug|Any CPU
		{872A7AF4-2A78-E3D0-2A0A-D5B83AB351B0}.Debug|Any CPU.Build.0 = Debug|Any CPU
		{872A7AF4-2A78-E3D0-2A0A-D5B83AB351B0}.Release|Any CPU.ActiveCfg = Release|Any CPU
		{872A7AF4-2A78-E3D0-2A0A-D5B83AB351B0}.Release|Any CPU.Build.0 = Release|Any CPU
		{09530E67-B3AF-07DA-3AF6-9FD6A33F1C33}.Debug|Any CPU.ActiveCfg = Debug|Any CPU
		{09530E67-B3AF-07DA-3AF6-9FD6A33F1C33}.Debug|Any CPU.Build.0 = Debug|Any CPU
		{09530E67-B3AF-07DA-3AF6-9FD6A33F1C33}.Release|Any CPU.ActiveCfg = Release|Any CPU
		{09530E67-B3AF-07DA-3AF6-9FD6A33F1C33}.Release|Any CPU.Build.0 = Release|Any CPU
		{5CCF17DF-F490-C91C-0202-5EC9D101FB88}.Debug|Any CPU.ActiveCfg = Debug|Any CPU
		{5CCF17DF-F490-C91C-0202-5EC9D101FB88}.Debug|Any CPU.Build.0 = Debug|Any CPU
		{5CCF17DF-F490-C91C-0202-5EC9D101FB88}.Release|Any CPU.ActiveCfg = Release|Any CPU
		{5CCF17DF-F490-C91C-0202-5EC9D101FB88}.Release|Any CPU.Build.0 = Release|Any CPU
	EndGlobalSection
	GlobalSection(SolutionProperties) = preSolution
		HideSolutionNode = FALSE
	EndGlobalSection
EndGlobal
