<?xml version="1.0" encoding="utf-8"?>
<Project ToolsVersion="4.0" xmlns="http://schemas.microsoft.com/developer/msbuild/2003">
  <ItemGroup>
    <Filter Include="Session">
      <UniqueIdentifier>{815e1c09-8378-46d3-9d50-20bb2091ce08}</UniqueIdentifier>
    </Filter>
    <Filter Include="Core">
      <UniqueIdentifier>{b4927d28-6114-4a87-b7b7-d024b378d800}</UniqueIdentifier>
    </Filter>
    <Filter Include="DB">
      <UniqueIdentifier>{551c64dd-738a-43d3-9797-b43f22f7a280}</UniqueIdentifier>
    </Filter>
  </ItemGroup>
  <ItemGroup>
    <ClCompile Include="billingmgr.cpp">
      <Filter>Core</Filter>
    </ClCompile>
    <ClCompile Include="buffered_dbtasks.cpp">
      <Filter>Core</Filter>
    </ClCompile>
    <ClCompile Include="dbmgr.cpp">
      <Filter>Core</Filter>
    </ClCompile>
    <ClCompile Include="dbtasks.cpp">
      <Filter>Core</Filter>
    </ClCompile>
    <ClCompile Include="main.cpp">
      <Filter>Core</Filter>
    </ClCompile>
    <ClCompile Include="loginSession.cpp">
      <Filter>Session</Filter>
    </ClCompile>
    <ClCompile Include="cellSession.cpp">
      <Filter>Session</Filter>
    </ClCompile>
    <ClCompile Include="DBSessionMgr.cpp">
      <Filter>Session</Filter>
    </ClCompile>
    <ClCompile Include="sync_app_handler.cpp">
      <Filter>Session</Filter>
    </ClCompile>
    <ClCompile Include="db_interface_mysql.cpp">
      <Filter>DB</Filter>
    </ClCompile>
    <ClCompile Include="db_stream.cpp">
      <Filter>DB</Filter>
    </ClCompile>
    <ClCompile Include="db_field.cpp">
      <Filter>DB</Filter>
    </ClCompile>
    <ClCompile Include="db_queryresult.cpp">
      <Filter>DB</Filter>
    </ClCompile>
    <ClCompile Include="db_exception.cpp">
      <Filter>DB</Filter>
    </ClCompile>
    <ClCompile Include="db_streampool.cpp">
      <Filter>DB</Filter>
    </ClCompile>
    <ClCompile Include="db_streamqueue.cpp">
      <Filter>DB</Filter>
    </ClCompile>
  </ItemGroup>
  <ItemGroup>
    <ClInclude Include="billingmgr.hpp">
      <Filter>Core</Filter>
    </ClInclude>
    <ClInclude Include="buffered_dbtasks.hpp">
      <Filter>Core</Filter>
    </ClInclude>
    <ClInclude Include="dbmgr.hpp">
      <Filter>Core</Filter>
    </ClInclude>
    <ClInclude Include="dbtasks.hpp">
      <Filter>Core</Filter>
    </ClInclude>
    <ClInclude Include="loginSession.h">
      <Filter>Session</Filter>
    </ClInclude>
    <ClInclude Include="cellSession.h">
      <Filter>Session</Filter>
    </ClInclude>
    <ClInclude Include="DBSessionMgr.h">
      <Filter>Session</Filter>
    </ClInclude>
    <ClInclude Include="sync_app_handler.h">
      <Filter>Session</Filter>
    </ClInclude>
    <ClInclude Include="db_interface_mysql.h">
      <Filter>DB</Filter>
    </ClInclude>
    <ClInclude Include="db_stream.h">
      <Filter>DB</Filter>
    </ClInclude>
    <ClInclude Include="db_field.h">
      <Filter>DB</Filter>
    </ClInclude>
    <ClInclude Include="db_queryresult.h">
      <Filter>DB</Filter>
    </ClInclude>
    <ClInclude Include="db_exception.h">
      <Filter>DB</Filter>
    </ClInclude>
    <ClInclude Include="db_streampool.h">
      <Filter>DB</Filter>
    </ClInclude>
    <ClInclude Include="db_streamqueue.h">
      <Filter>DB</Filter>
    </ClInclude>
  </ItemGroup>
  <ItemGroup>
    <None Include="ReadMe.txt" />
  </ItemGroup>
</Project>